
Microsoft Visual Studio Solution File, Format Version 12.00
# Visual Studio 15
VisualStudioVersion = 15.0.28307.421
MinimumVisualStudioVersion = 10.0.40219.1
Project("{FAE04EC0-301F-11D3-BF4B-00C04F79EFBC}") = "ChartFromCsv", "ChartFromCsv\ChartFromCsv.csproj", "{42909666-1DE5-4680-B1FD-92242CF8D0A5}"
EndProject
Global
	GlobalSection(SolutionConfigurationPlatforms) = preSolution
		Debug|Any CPU = Debug|Any CPU
		Release|Any CPU = Release|Any CPU
	EndGlobalSection
	GlobalSection(ProjectConfigurationPlatforms) = postSolution
		{42909666-1DE5-4680-B1FD-92242CF8D0A5}.Debug|Any CPU.ActiveCfg = Debug|Any CPU
		{42909666-1DE5-4680-B1FD-92242CF8D0A5}.Debug|Any CPU.Build.0 = Debug|Any CPU
		{42909666-1DE5-4680-B1FD-92242CF8D0A5}.Release|Any CPU.ActiveCfg = Release|Any CPU
		{42909666-1DE5-4680-B1FD-92242CF8D0A5}.Release|Any CPU.Build.0 = Release|Any CPU
	EndGlobalSection
	GlobalSection(SolutionProperties) = preSolution
		HideSolutionNode = FALSE
	EndGlobalSection
	GlobalSection(ExtensibilityGlobals) = postSolution
		SolutionGuid = {CFFC1D87-EF0E-4BE9-A31C-43C7AC30050A}
	EndGlobalSection
EndGlobal
